
Microsoft Visual Studio Solution File, Format Version 12.00
# Visual Studio Version 17
VisualStudioVersion = 17.9.34714.143
MinimumVisualStudioVersion = 10.0.40219.1
Project("{FAE04EC0-301F-11D3-BF4B-00C04F79EFBC}") = "oopLabApi", "oopLabApi\oopLabApi.csproj", "{26D3F69A-9D32-4954-AC57-5AD369D288AD}"
EndProject
Project("{FAE04EC0-301F-11D3-BF4B-00C04F79EFBC}") = "Store", "Store\Store.csproj", "{975D3365-BFA5-4BB9-A77F-E41D0F39ECD9}"
EndProject
Project("{FAE04EC0-301F-11D3-BF4B-00C04F79EFBC}") = "Store.DataAccess", "Store.DataAccess\Store.DataAccess.csproj", "{345C8C23-C34E-4055-B9E7-1BDAD5BA41C9}"
EndProject
Global
	GlobalSection(SolutionConfigurationPlatforms) = preSolution
		Debug|Any CPU = Debug|Any CPU
		Release|Any CPU = Release|Any CPU
	EndGlobalSection
	GlobalSection(ProjectConfigurationPlatforms) = postSolution
		{26D3F69A-9D32-4954-AC57-5AD369D288AD}.Debug|Any CPU.ActiveCfg = Debug|Any CPU
		{26D3F69A-9D32-4954-AC57-5AD369D288AD}.Debug|Any CPU.Build.0 = Debug|Any CPU
		{26D3F69A-9D32-4954-AC57-5AD369D288AD}.Release|Any CPU.ActiveCfg = Release|Any CPU
		{26D3F69A-9D32-4954-AC57-5AD369D288AD}.Release|Any CPU.Build.0 = Release|Any CPU
		{975D3365-BFA5-4BB9-A77F-E41D0F39ECD9}.Debug|Any CPU.ActiveCfg = Debug|Any CPU
		{975D3365-BFA5-4BB9-A77F-E41D0F39ECD9}.Debug|Any CPU.Build.0 = Debug|Any CPU
		{975D3365-BFA5-4BB9-A77F-E41D0F39ECD9}.Release|Any CPU.ActiveCfg = Release|Any CPU
		{975D3365-BFA5-4BB9-A77F-E41D0F39ECD9}.Release|Any CPU.Build.0 = Release|Any CPU
		{345C8C23-C34E-4055-B9E7-1BDAD5BA41C9}.Debug|Any CPU.ActiveCfg = Debug|Any CPU
		{345C8C23-C34E-4055-B9E7-1BDAD5BA41C9}.Debug|Any CPU.Build.0 = Debug|Any CPU
		{345C8C23-C34E-4055-B9E7-1BDAD5BA41C9}.Release|Any CPU.ActiveCfg = Release|Any CPU
		{345C8C23-C34E-4055-B9E7-1BDAD5BA41C9}.Release|Any CPU.Build.0 = Release|Any CPU
	EndGlobalSection
	GlobalSection(SolutionProperties) = preSolution
		HideSolutionNode = FALSE
	EndGlobalSection
	GlobalSection(ExtensibilityGlobals) = postSolution
		SolutionGuid = {CBB05BBE-E6E7-4C41-88F8-3DC24041B404}
	EndGlobalSection
EndGlobal
