
Microsoft Visual Studio Solution File, Format Version 12.00
# Visual Studio Version 17
VisualStudioVersion = 17.10.34928.147
MinimumVisualStudioVersion = 10.0.40219.1
Project("{9A19103F-16F7-4668-BE54-9A1E7A4F7556}") = "oopLan", "oopLan\oopLan.csproj", "{F934E5CD-C9BB-4E03-A7F8-2F5622FC0796}"
EndProject
Global
	GlobalSection(SolutionConfigurationPlatforms) = preSolution
		Debug|Any CPU = Debug|Any CPU
		Release|Any CPU = Release|Any CPU
	EndGlobalSection
	GlobalSection(ProjectConfigurationPlatforms) = postSolution
		{F934E5CD-C9BB-4E03-A7F8-2F5622FC0796}.Debug|Any CPU.ActiveCfg = Debug|Any CPU
		{F934E5CD-C9BB-4E03-A7F8-2F5622FC0796}.Debug|Any CPU.Build.0 = Debug|Any CPU
		{F934E5CD-C9BB-4E03-A7F8-2F5622FC0796}.Release|Any CPU.ActiveCfg = Release|Any CPU
		{F934E5CD-C9BB-4E03-A7F8-2F5622FC0796}.Release|Any CPU.Build.0 = Release|Any CPU
	EndGlobalSection
	GlobalSection(SolutionProperties) = preSolution
		HideSolutionNode = FALSE
	EndGlobalSection
	GlobalSection(ExtensibilityGlobals) = postSolution
		SolutionGuid = {C679D642-5892-4533-A095-629BC9310F0C}
	EndGlobalSection
EndGlobal
